
Microsoft Visual Studio Solution File, Format Version 12.00
# Visual Studio 15
VisualStudioVersion = 15.0.28307.1738
MinimumVisualStudioVersion = 10.0.40219.1
Project("{8BC9CEB8-8B4A-11D0-8D11-00A0C91BC942}") = "35plus", "35plus\35plus.vcxproj", "{5407C9F8-E4CF-42C8-B097-97663209D85E}"
EndProject
Global
	GlobalSection(SolutionConfigurationPlatforms) = preSolution
		Debug|x64 = Debug|x64
		Debug|x86 = Debug|x86
		Release|x64 = Release|x64
		Release|x86 = Release|x86
	EndGlobalSection
	GlobalSection(ProjectConfigurationPlatforms) = postSolution
		{5407C9F8-E4CF-42C8-B097-97663209D85E}.Debug|x64.ActiveCfg = Debug|x64
		{5407C9F8-E4CF-42C8-B097-97663209D85E}.Debug|x64.Build.0 = Debug|x64
		{5407C9F8-E4CF-42C8-B097-97663209D85E}.Debug|x86.ActiveCfg = Debug|Win32
		{5407C9F8-E4CF-42C8-B097-97663209D85E}.Debug|x86.Build.0 = Debug|Win32
		{5407C9F8-E4CF-42C8-B097-97663209D85E}.Release|x64.ActiveCfg = Release|x64
		{5407C9F8-E4CF-42C8-B097-97663209D85E}.Release|x64.Build.0 = Release|x64
		{5407C9F8-E4CF-42C8-B097-97663209D85E}.Release|x86.ActiveCfg = Release|Win32
		{5407C9F8-E4CF-42C8-B097-97663209D85E}.Release|x86.Build.0 = Release|Win32
	EndGlobalSection
	GlobalSection(SolutionProperties) = preSolution
		HideSolutionNode = FALSE
	EndGlobalSection
	GlobalSection(ExtensibilityGlobals) = postSolution
		SolutionGuid = {AE6AB8A4-5140-4BF3-B52C-D4A1EA65F6F2}
	EndGlobalSection
EndGlobal
